lockfileVersion: '9.0'

settings:
  autoInstallPeers: true
  excludeLinksFromLockfile: false

importers:

  .:
    devDependencies:
      supabase:
        specifier: ^2.108.0
        version: 2.108.0

packages:

  '@supabase/cli-darwin-arm64@2.108.0':
    resolution: {integrity: sha512-QHuH0hVDqu10qc8me0FL8YfaDmXslQp4s7/WwD06O5hR1+Zj12FiWLcXgyWUHZoHsZzAA3ZVi2XpU7rBkJFWIQ==}
    cpu: [arm64]
    os: [darwin]

  '@supabase/cli-darwin-x64@2.108.0':
    resolution: {integrity: sha512-+qFUFqm/3vntX52ZKO6rYbJzWF/+mIoJLRWWckDu3jf9A7VeQskpIs2gxmW2XLwH0LWy8CEml8UzD8WhKn7fuw==}
    cpu: [x64]
    os: [darwin]

  '@supabase/cli-linux-arm64-musl@2.108.0':
    resolution: {integrity: sha512-6zFFvvdz8Ty4Q9qiAkjgiS01z1uOuQdageC341HzAD5Ev50ringzzu9SQtDSDy2QeD04YWjvENvZWgsemVwffA==}
    cpu: [arm64]
    os: [linux]
    libc: [musl]

  '@supabase/cli-linux-arm64@2.108.0':
    resolution: {integrity: sha512-gC2ivtE0/DDNSJX7Q148HeylI+Mqv8eWr86j7FsnoRBdLjVQyVEZIrl32+avhGQO349QiIaFI1eDIzHr9sczDw==}
    cpu: [arm64]
    os: [linux]
    libc: [glibc]

  '@supabase/cli-linux-x64-musl@2.108.0':
    resolution: {integrity: sha512-X3cCfgVprMDqN9QFVXzoYwV0E6gQWdUmdbI7ro8vam0/JaoLunNNdAErVmyqGKfrAVu01X6EdEeZAdfgucIN6w==}
    cpu: [x64]
    os: [linux]
    libc: [musl]

  '@supabase/cli-linux-x64@2.108.0':
    resolution: {integrity: sha512-umNOdOmUznlLJlE3j5nHabwm7aH07GZdk2l7kTFUYJhUyLrcIk9bqc7kUw5bjLCjiuIxuNPTfElBkE1GFhBKPw==}
    cpu: [x64]
    os: [linux]
    libc: [glibc]

  '@supabase/cli-windows-arm64@2.108.0':
    resolution: {integrity: sha512-yd9lYoeLRdQ3dukQAFCqmAZ7wQebbSmZW5IGeEfmcWY3efXT5Y2Dxx2R8CidO32DuJ8SFTtgzhc9lAu3U5WP5Q==}
    cpu: [arm64]
    os: [win32]

  '@supabase/cli-windows-x64@2.108.0':
    resolution: {integrity: sha512-I24rpbFye5vkoFzuxH7rB4BCSvHY+Eg1LTxbvxQ7IWZTM7xRwvqXgsvmqQpwctwGsIbWZIl6DQ3T39x8yV7F2Q==}
    cpu: [x64]
    os: [win32]

  jose@6.2.3:
    resolution: {integrity: sha512-YYVDInQKFJfR/xa3ojUTl8c2KoTwiL1R5Wg9YCydwH0x0B9grbzlg5HC7mMjCtUJjbQ/YnGEZIhI5tCgfTb4Hw==}

  supabase@2.108.0:
    resolution: {integrity: sha512-NofgZCCWJTZIVVf3m9mMRr3oVZROeBSTJB4bAmP1MvmhO+jUq7U+HvF1NPqFdvmZA5PKx4vRtpjvg7g6LbeD+w==}
    hasBin: true

snapshots:

  '@supabase/cli-darwin-arm64@2.108.0':
    optional: true

  '@supabase/cli-darwin-x64@2.108.0':
    optional: true

  '@supabase/cli-linux-arm64-musl@2.108.0':
    optional: true

  '@supabase/cli-linux-arm64@2.108.0':
    optional: true

  '@supabase/cli-linux-x64-musl@2.108.0':
    optional: true

  '@supabase/cli-linux-x64@2.108.0':
    optional: true

  '@supabase/cli-windows-arm64@2.108.0':
    optional: true

  '@supabase/cli-windows-x64@2.108.0':
    optional: true

  jose@6.2.3: {}

  supabase@2.108.0:
    dependencies:
      jose: 6.2.3
    optionalDependencies:
      '@supabase/cli-darwin-arm64': 2.108.0
      '@supabase/cli-darwin-x64': 2.108.0
      '@supabase/cli-linux-arm64': 2.108.0
      '@supabase/cli-linux-arm64-musl': 2.108.0
      '@supabase/cli-linux-x64': 2.108.0
      '@supabase/cli-linux-x64-musl': 2.108.0
      '@supabase/cli-windows-arm64': 2.108.0
      '@supabase/cli-windows-x64': 2.108.0
